
Microsoft Visual Studio Solution File, Format Version 12.00
Project("{FAE04EC0-301F-11D3-BF4B-00C04F79EFBC}") = "DevWeb001", "DevWeb001\DevWeb001.csproj", "{6CA6B353-2DCD-4B9B-972F-CF8F5DF14613}"
EndProject
Global
	GlobalSection(SolutionConfigurationPlatforms) = preSolution
		Debug|Any CPU = Debug|Any CPU
		Release|Any CPU = Release|Any CPU
	EndGlobalSection
	GlobalSection(ProjectConfigurationPlatforms) = postSolution
		{6CA6B353-2DCD-4B9B-972F-CF8F5DF14613}.Debug|Any CPU.ActiveCfg = Debug|Any CPU
		{6CA6B353-2DCD-4B9B-972F-CF8F5DF14613}.Debug|Any CPU.Build.0 = Debug|Any CPU
		{6CA6B353-2DCD-4B9B-972F-CF8F5DF14613}.Release|Any CPU.ActiveCfg = Release|Any CPU
		{6CA6B353-2DCD-4B9B-972F-CF8F5DF14613}.Release|Any CPU.Build.0 = Release|Any CPU
	EndGlobalSection
EndGlobal
